
Microsoft Visual Studio Solution File, Format Version 12.00
# Visual Studio Version 17
VisualStudioVersion = 17.10.35013.160
MinimumVisualStudioVersion = 10.0.40219.1
Project("{9A19103F-16F7-4668-BE54-9A1E7A4F7556}") = "TransactionHistory.Api", "TransactionHistory.Api\TransactionHistory.Api.csproj", "{1C2FB14C-FAA6-4ECE-A63D-3F49BC22587A}"
EndProject
Project("{9A19103F-16F7-4668-BE54-9A1E7A4F7556}") = "TransactionHistory.Domain", "TransactionHistory.Domain\TransactionHistory.Domain.csproj", "{1CD21C10-88C8-4C67-ADE3-A7FE370C091D}"
EndProject
Project("{9A19103F-16F7-4668-BE54-9A1E7A4F7556}") = "TransactionHistory.Core", "TransactionHistory.Core\TransactionHistory.Core.csproj", "{FC3E53C8-A1CA-4E77-971F-FABBD730D492}"
EndProject
Project("{9A19103F-16F7-4668-BE54-9A1E7A4F7556}") = "TransactionHistory.Infra", "TransactionHistory.Infra\TransactionHistory.Infra.csproj", "{638C9229-6507-4ED7-871F-6187842604FF}"
EndProject
Project("{9A19103F-16F7-4668-BE54-9A1E7A4F7556}") = "TransactionHistory.Application", "TransactionHistory.Application\TransactionHistory.Application.csproj", "{A491219C-0E7B-43F6-A065-51A1F397451A}"
EndProject
Project("{2150E333-8FDC-42A3-9474-1A3956D46DE8}") = "Tests", "Tests", "{2A2AA2E0-F8A6-4A3B-B181-136D6C725FA5}"
EndProject
Project("{FAE04EC0-301F-11D3-BF4B-00C04F79EFBC}") = "TransactionHistory.UnitTests", "TransactionHistory.UnitTests\TransactionHistory.UnitTests.csproj", "{BE0BDB00-684C-4FC5-A97B-2BB7B6CD6F55}"
EndProject
Global
	GlobalSection(SolutionConfigurationPlatforms) = preSolution
		Debug|Any CPU = Debug|Any CPU
		Release|Any CPU = Release|Any CPU
	EndGlobalSection
	GlobalSection(ProjectConfigurationPlatforms) = postSolution
		{1C2FB14C-FAA6-4ECE-A63D-3F49BC22587A}.Debug|Any CPU.ActiveCfg = Debug|Any CPU
		{1C2FB14C-FAA6-4ECE-A63D-3F49BC22587A}.Debug|Any CPU.Build.0 = Debug|Any CPU
		{1C2FB14C-FAA6-4ECE-A63D-3F49BC22587A}.Release|Any CPU.ActiveCfg = Release|Any CPU
		{1C2FB14C-FAA6-4ECE-A63D-3F49BC22587A}.Release|Any CPU.Build.0 = Release|Any CPU
		{1CD21C10-88C8-4C67-ADE3-A7FE370C091D}.Debug|Any CPU.ActiveCfg = Debug|Any CPU
		{1CD21C10-88C8-4C67-ADE3-A7FE370C091D}.Debug|Any CPU.Build.0 = Debug|Any CPU
		{1CD21C10-88C8-4C67-ADE3-A7FE370C091D}.Release|Any CPU.ActiveCfg = Release|Any CPU
		{1CD21C10-88C8-4C67-ADE3-A7FE370C091D}.Release|Any CPU.Build.0 = Release|Any CPU
		{FC3E53C8-A1CA-4E77-971F-FABBD730D492}.Debug|Any CPU.ActiveCfg = Debug|Any CPU
		{FC3E53C8-A1CA-4E77-971F-FABBD730D492}.Debug|Any CPU.Build.0 = Debug|Any CPU
		{FC3E53C8-A1CA-4E77-971F-FABBD730D492}.Release|Any CPU.ActiveCfg = Release|Any CPU
		{FC3E53C8-A1CA-4E77-971F-FABBD730D492}.Release|Any CPU.Build.0 = Release|Any CPU
		{638C9229-6507-4ED7-871F-6187842604FF}.Debug|Any CPU.ActiveCfg = Debug|Any CPU
		{638C9229-6507-4ED7-871F-6187842604FF}.Debug|Any CPU.Build.0 = Debug|Any CPU
		{638C9229-6507-4ED7-871F-6187842604FF}.Release|Any CPU.ActiveCfg = Release|Any CPU
		{638C9229-6507-4ED7-871F-6187842604FF}.Release|Any CPU.Build.0 = Release|Any CPU
		{A491219C-0E7B-43F6-A065-51A1F397451A}.Debug|Any CPU.ActiveCfg = Debug|Any CPU
		{A491219C-0E7B-43F6-A065-51A1F397451A}.Debug|Any CPU.Build.0 = Debug|Any CPU
		{A491219C-0E7B-43F6-A065-51A1F397451A}.Release|Any CPU.ActiveCfg = Release|Any CPU
		{A491219C-0E7B-43F6-A065-51A1F397451A}.Release|Any CPU.Build.0 = Release|Any CPU
		{BE0BDB00-684C-4FC5-A97B-2BB7B6CD6F55}.Debug|Any CPU.ActiveCfg = Debug|Any CPU
		{BE0BDB00-684C-4FC5-A97B-2BB7B6CD6F55}.Debug|Any CPU.Build.0 = Debug|Any CPU
		{BE0BDB00-684C-4FC5-A97B-2BB7B6CD6F55}.Release|Any CPU.ActiveCfg = Release|Any CPU
		{BE0BDB00-684C-4FC5-A97B-2BB7B6CD6F55}.Release|Any CPU.Build.0 = Release|Any CPU
	EndGlobalSection
	GlobalSection(SolutionProperties) = preSolution
		HideSolutionNode = FALSE
	EndGlobalSection
	GlobalSection(NestedProjects) = preSolution
		{BE0BDB00-684C-4FC5-A97B-2BB7B6CD6F55} = {2A2AA2E0-F8A6-4A3B-B181-136D6C725FA5}
	EndGlobalSection
	GlobalSection(ExtensibilityGlobals) = postSolution
		SolutionGuid = {2F825EE7-90D8-4EFC-A8BE-46EF8B3463D3}
	EndGlobalSection
EndGlobal
